
Microsoft Visual Studio Solution File, Format Version 12.00
# Visual Studio Version 17
VisualStudioVersion = 17.4.33213.308
MinimumVisualStudioVersion = 10.0.40219.1
Project("{9A19103F-16F7-4668-BE54-9A1E7A4F7556}") = "LamQuenVoiWinform", "LamQuenVoiWinform\LamQuenVoiWinform.csproj", "{8CF19E0C-5203-4CA9-86FE-9529B324A546}"
EndProject
Project("{9A19103F-16F7-4668-BE54-9A1E7A4F7556}") = "ChuongTrinhMayTinh", "ChuongTrinhMayTinh\ChuongTrinhMayTinh.csproj", "{2EE212B6-D92D-4A87-A192-56810CB6693E}"
EndProject
Project("{9A19103F-16F7-4668-BE54-9A1E7A4F7556}") = "CacControlBound", "CacControlBound\CacControlBound.csproj", "{A7F0A529-C8F3-407B-890D-05F64E47881D}"
EndProject
Project("{FAE04EC0-301F-11D3-BF4B-00C04F79EFBC}") = "Menu_DocGhiTxt", "Menu_DocGhiTxt\Menu_DocGhiTxt.csproj", "{AC7088A6-C534-479C-8E4E-B73404B602B2}"
EndProject
Global
	GlobalSection(SolutionConfigurationPlatforms) = preSolution
		Debug|Any CPU = Debug|Any CPU
		Release|Any CPU = Release|Any CPU
	EndGlobalSection
	GlobalSection(ProjectConfigurationPlatforms) = postSolution
		{8CF19E0C-5203-4CA9-86FE-9529B324A546}.Debug|Any CPU.ActiveCfg = Debug|Any CPU
		{8CF19E0C-5203-4CA9-86FE-9529B324A546}.Debug|Any CPU.Build.0 = Debug|Any CPU
		{8CF19E0C-5203-4CA9-86FE-9529B324A546}.Release|Any CPU.ActiveCfg = Release|Any CPU
		{8CF19E0C-5203-4CA9-86FE-9529B324A546}.Release|Any CPU.Build.0 = Release|Any CPU
		{2EE212B6-D92D-4A87-A192-56810CB6693E}.Debug|Any CPU.ActiveCfg = Debug|Any CPU
		{2EE212B6-D92D-4A87-A192-56810CB6693E}.Debug|Any CPU.Build.0 = Debug|Any CPU
		{2EE212B6-D92D-4A87-A192-56810CB6693E}.Release|Any CPU.ActiveCfg = Release|Any CPU
		{2EE212B6-D92D-4A87-A192-56810CB6693E}.Release|Any CPU.Build.0 = Release|Any CPU
		{A7F0A529-C8F3-407B-890D-05F64E47881D}.Debug|Any CPU.ActiveCfg = Debug|Any CPU
		{A7F0A529-C8F3-407B-890D-05F64E47881D}.Debug|Any CPU.Build.0 = Debug|Any CPU
		{A7F0A529-C8F3-407B-890D-05F64E47881D}.Release|Any CPU.ActiveCfg = Release|Any CPU
		{A7F0A529-C8F3-407B-890D-05F64E47881D}.Release|Any CPU.Build.0 = Release|Any CPU
		{AC7088A6-C534-479C-8E4E-B73404B602B2}.Debug|Any CPU.ActiveCfg = Debug|Any CPU
		{AC7088A6-C534-479C-8E4E-B73404B602B2}.Debug|Any CPU.Build.0 = Debug|Any CPU
		{AC7088A6-C534-479C-8E4E-B73404B602B2}.Release|Any CPU.ActiveCfg = Release|Any CPU
		{AC7088A6-C534-479C-8E4E-B73404B602B2}.Release|Any CPU.Build.0 = Release|Any CPU
	EndGlobalSection
	GlobalSection(SolutionProperties) = preSolution
		HideSolutionNode = FALSE
	EndGlobalSection
	GlobalSection(ExtensibilityGlobals) = postSolution
		SolutionGuid = {2DE6FFD6-3209-4517-A390-4F0C79314813}
	EndGlobalSection
EndGlobal
